
Microsoft Visual Studio Solution File, Format Version 12.00
# Visual Studio Version 16
VisualStudioVersion = 16.0.31005.135
MinimumVisualStudioVersion = 10.0.40219.1
Project("{FAE04EC0-301F-11D3-BF4B-00C04F79EFBC}") = "worktimemanager", "worktimemanager.csproj", "{3FF185CB-5DB8-48BF-8C42-59F0830B3D5B}"
EndProject
Global
	GlobalSection(SolutionConfigurationPlatforms) = preSolution
		Debug|Any CPU = Debug|Any CPU
		Release|Any CPU = Release|Any CPU
	EndGlobalSection
	GlobalSection(ProjectConfigurationPlatforms) = postSolution
		{3FF185CB-5DB8-48BF-8C42-59F0830B3D5B}.Debug|Any CPU.ActiveCfg = Debug|Any CPU
		{3FF185CB-5DB8-48BF-8C42-59F0830B3D5B}.Debug|Any CPU.Build.0 = Debug|Any CPU
		{3FF185CB-5DB8-48BF-8C42-59F0830B3D5B}.Release|Any CPU.ActiveCfg = Release|Any CPU
		{3FF185CB-5DB8-48BF-8C42-59F0830B3D5B}.Release|Any CPU.Build.0 = Release|Any CPU
	EndGlobalSection
	GlobalSection(SolutionProperties) = preSolution
		HideSolutionNode = FALSE
	EndGlobalSection
	GlobalSection(ExtensibilityGlobals) = postSolution
		SolutionGuid = {532B907D-D988-4C33-8564-EE924CA91544}
	EndGlobalSection
EndGlobal
